
Microsoft Visual Studio Solution File, Format Version 12.00
# Visual Studio Version 16
VisualStudioVersion = 16.0.809.6
MinimumVisualStudioVersion = 10.0.40219.1
Project("{FAE04EC0-301F-11D3-BF4B-00C04F79EFBC}") = "ProjetoReferenciaBase.Android", "ProjetoReferenciaBase.Android\ProjetoReferenciaBase.Android.csproj", "{D29FDA31-9AFC-4329-A8D6-5D35DC50C769}"
EndProject
Project("{FAE04EC0-301F-11D3-BF4B-00C04F79EFBC}") = "ProjetoReferenciaBase.iOS", "ProjetoReferenciaBase.iOS\ProjetoReferenciaBase.iOS.csproj", "{05D2CC7C-E7A3-463A-8599-9A8955A46948}"
EndProject
Project("{FAE04EC0-301F-11D3-BF4B-00C04F79EFBC}") = "ProjetoReferenciaBase", "ProjetoReferenciaBase\ProjetoReferenciaBase.csproj", "{81CE5386-10BB-4620-9947-DC2319F3CAE3}"
EndProject
Global
	GlobalSection(SolutionConfigurationPlatforms) = preSolution
		Debug|Any CPU = Debug|Any CPU
		Release|Any CPU = Release|Any CPU
		Debug|iPhoneSimulator = Debug|iPhoneSimulator
		Release|iPhoneSimulator = Release|iPhoneSimulator
		Debug|iPhone = Debug|iPhone
		Release|iPhone = Release|iPhone
	EndGlobalSection
	GlobalSection(ProjectConfigurationPlatforms) = postSolution
		{D29FDA31-9AFC-4329-A8D6-5D35DC50C769}.Debug|Any CPU.ActiveCfg = Debug|Any CPU
		{D29FDA31-9AFC-4329-A8D6-5D35DC50C769}.Debug|Any CPU.Build.0 = Debug|Any CPU
		{D29FDA31-9AFC-4329-A8D6-5D35DC50C769}.Release|Any CPU.ActiveCfg = Release|Any CPU
		{D29FDA31-9AFC-4329-A8D6-5D35DC50C769}.Release|Any CPU.Build.0 = Release|Any CPU
		{D29FDA31-9AFC-4329-A8D6-5D35DC50C769}.Debug|iPhoneSimulator.ActiveCfg = Debug|Any CPU
		{D29FDA31-9AFC-4329-A8D6-5D35DC50C769}.Debug|iPhoneSimulator.Build.0 = Debug|Any CPU
		{D29FDA31-9AFC-4329-A8D6-5D35DC50C769}.Release|iPhoneSimulator.ActiveCfg = Release|Any CPU
		{D29FDA31-9AFC-4329-A8D6-5D35DC50C769}.Release|iPhoneSimulator.Build.0 = Release|Any CPU
		{D29FDA31-9AFC-4329-A8D6-5D35DC50C769}.Debug|iPhone.ActiveCfg = Debug|Any CPU
		{D29FDA31-9AFC-4329-A8D6-5D35DC50C769}.Debug|iPhone.Build.0 = Debug|Any CPU
		{D29FDA31-9AFC-4329-A8D6-5D35DC50C769}.Release|iPhone.ActiveCfg = Release|Any CPU
		{D29FDA31-9AFC-4329-A8D6-5D35DC50C769}.Release|iPhone.Build.0 = Release|Any CPU
		{05D2CC7C-E7A3-463A-8599-9A8955A46948}.Debug|Any CPU.ActiveCfg = Debug|iPhoneSimulator
		{05D2CC7C-E7A3-463A-8599-9A8955A46948}.Debug|Any CPU.Build.0 = Debug|iPhoneSimulator
		{05D2CC7C-E7A3-463A-8599-9A8955A46948}.Release|Any CPU.ActiveCfg = Release|iPhoneSimulator
		{05D2CC7C-E7A3-463A-8599-9A8955A46948}.Release|Any CPU.Build.0 = Release|iPhoneSimulator
		{05D2CC7C-E7A3-463A-8599-9A8955A46948}.Debug|iPhoneSimulator.ActiveCfg = Debug|iPhoneSimulator
		{05D2CC7C-E7A3-463A-8599-9A8955A46948}.Debug|iPhoneSimulator.Build.0 = Debug|iPhoneSimulator
		{05D2CC7C-E7A3-463A-8599-9A8955A46948}.Release|iPhoneSimulator.ActiveCfg = Release|iPhoneSimulator
		{05D2CC7C-E7A3-463A-8599-9A8955A46948}.Release|iPhoneSimulator.Build.0 = Release|iPhoneSimulator
		{05D2CC7C-E7A3-463A-8599-9A8955A46948}.Debug|iPhone.ActiveCfg = Debug|iPhone
		{05D2CC7C-E7A3-463A-8599-9A8955A46948}.Debug|iPhone.Build.0 = Debug|iPhone
		{05D2CC7C-E7A3-463A-8599-9A8955A46948}.Release|iPhone.ActiveCfg = Release|iPhone
		{05D2CC7C-E7A3-463A-8599-9A8955A46948}.Release|iPhone.Build.0 = Release|iPhone
		{81CE5386-10BB-4620-9947-DC2319F3CAE3}.Debug|Any CPU.ActiveCfg = Debug|Any CPU
		{81CE5386-10BB-4620-9947-DC2319F3CAE3}.Debug|Any CPU.Build.0 = Debug|Any CPU
		{81CE5386-10BB-4620-9947-DC2319F3CAE3}.Release|Any CPU.ActiveCfg = Release|Any CPU
		{81CE5386-10BB-4620-9947-DC2319F3CAE3}.Release|Any CPU.Build.0 = Release|Any CPU
		{81CE5386-10BB-4620-9947-DC2319F3CAE3}.Debug|iPhoneSimulator.ActiveCfg = Debug|Any CPU
		{81CE5386-10BB-4620-9947-DC2319F3CAE3}.Debug|iPhoneSimulator.Build.0 = Debug|Any CPU
		{81CE5386-10BB-4620-9947-DC2319F3CAE3}.Release|iPhoneSimulator.ActiveCfg = Release|Any CPU
		{81CE5386-10BB-4620-9947-DC2319F3CAE3}.Release|iPhoneSimulator.Build.0 = Release|Any CPU
		{81CE5386-10BB-4620-9947-DC2319F3CAE3}.Debug|iPhone.ActiveCfg = Debug|Any CPU
		{81CE5386-10BB-4620-9947-DC2319F3CAE3}.Debug|iPhone.Build.0 = Debug|Any CPU
		{81CE5386-10BB-4620-9947-DC2319F3CAE3}.Release|iPhone.ActiveCfg = Release|Any CPU
		{81CE5386-10BB-4620-9947-DC2319F3CAE3}.Release|iPhone.Build.0 = Release|Any CPU
	EndGlobalSection
	GlobalSection(SolutionProperties) = preSolution
		HideSolutionNode = FALSE
	EndGlobalSection
	GlobalSection(ExtensibilityGlobals) = postSolution
		SolutionGuid = {11424C0D-C7B3-4ECF-AF95-0DF3665747F8}
	EndGlobalSection
EndGlobal
